
Microsoft Visual Studio Solution File, Format Version 12.00
# Visual Studio Version 16
VisualStudioVersion = 16.0.30225.117
MinimumVisualStudioVersion = 10.0.40219.1
Project("{FAE04EC0-301F-11D3-BF4B-00C04F79EFBC}") = "Round_Robin", "Round_Robin.csproj", "{21CA7E00-A1AB-4E3C-9262-22B4161EB88A}"
EndProject
Global
	GlobalSection(SolutionConfigurationPlatforms) = preSolution
		Debug|Any CPU = Debug|Any CPU
		Release|Any CPU = Release|Any CPU
	EndGlobalSection
	GlobalSection(ProjectConfigurationPlatforms) = postSolution
		{21CA7E00-A1AB-4E3C-9262-22B4161EB88A}.Debug|Any CPU.ActiveCfg = Debug|Any CPU
		{21CA7E00-A1AB-4E3C-9262-22B4161EB88A}.Debug|Any CPU.Build.0 = Debug|Any CPU
		{21CA7E00-A1AB-4E3C-9262-22B4161EB88A}.Release|Any CPU.ActiveCfg = Release|Any CPU
		{21CA7E00-A1AB-4E3C-9262-22B4161EB88A}.Release|Any CPU.Build.0 = Release|Any CPU
	EndGlobalSection
	GlobalSection(SolutionProperties) = preSolution
		HideSolutionNode = FALSE
	EndGlobalSection
	GlobalSection(ExtensibilityGlobals) = postSolution
		SolutionGuid = {5F1D9642-2ECB-4D43-A085-93EDB0A719E9}
	EndGlobalSection
EndGlobal
